{
  "version": 4,
  "terraform_version": "1.5.1",
  "serial": 2,
  "lineage": "8bdfef2e-bb44-bcd0-197b-8af56882e017",
  "outputs": {
    "resource_group_id": {
      "value": "/subscriptions/a75172c5-57f8-4f3f-908d-697e80efd68a/resourceGroups/rg-createdbyTF",
      "type": "string"
    }
  },
  "resources": [
    {
      "mode": "managed",
      "type": "azurerm_resource_group",
      "name": "rg",
      "provider": "provider[\"registry.terraform.io/hashicorp/azurerm\"]",
      "instances": [
        {
          "schema_version": 0,
          "attributes": {
            "id": "/subscriptions/a75172c5-57f8-4f3f-908d-697e80efd68a/resourceGroups/rg-createdbyTF",
            "location": "uksouth",
            "name": "rg-createdbyTF",
            "tags": null,
            "timeouts": null
          },
          "sensitive_attributes": [],
          "private": "eyJlMmJmYjczMC1lY2FhLTExZTYtOGY4OC0zNDM2M2JjN2M0YzAiOnsiY3JlYXRlIjo1NDAwMDAwMDAwMDAwLCJkZWxldGUiOjU0MDAwMDAwMDAwMDAsInJlYWQiOjMwMDAwMDAwMDAwMCwidXBkYXRlIjo1NDAwMDAwMDAwMDAwfX0="
        }
      ]
    }
  ],
  "check_results": null
}
