{
  "version": 4,
  "terraform_version": "1.5.2",
  "serial": 114,
  "lineage": "8bdfef2e-bb44-bcd0-197b-8af56882e017",
  "outputs": {
    "acr_admin_pass": {
      "value": "xI/M0x4dsw4NBJUdNkeULWW12tCmC3f099csS0wbbW+ACRAKxsV4",
      "type": "string",
      "sensitive": true
    },
    "acr_admin_user": {
      "value": "Joseflorescarmona",
      "type": "string"
    },
    "acr_login_server": {
      "value": "joseflorescarmona.azurecr.io",
      "type": "string"
    },
    "resource_group_id": {
      "value": "/subscriptions/a75172c5-57f8-4f3f-908d-697e80efd68a/resourceGroups/rg-createdbyTF_Jose",
      "type": "string"
    },
    "ssh_user": {
      "value": "contenedor",
      "type": "string"
    },
    "vip": {
      "value": "20.68.230.154",
      "type": "string"
    },
    "vm_id": {
      "value": "/subscriptions/a75172c5-57f8-4f3f-908d-697e80efd68a/resourceGroups/rg-createdbyTF_Jose/providers/Microsoft.Compute/virtualMachines/vm1",
      "type": "string"
    }
  },
  "resources": [
    {
      "mode": "managed",
      "type": "azurerm_container_registry",
      "name": "acr",
      "provider": "provider[\"registry.terraform.io/hashicorp/azurerm\"]",
      "instances": [
        {
          "schema_version": 2,
          "attributes": {
            "admin_enabled": true,
            "admin_password": "xI/M0x4dsw4NBJUdNkeULWW12tCmC3f099csS0wbbW+ACRAKxsV4",
            "admin_username": "Joseflorescarmona",
            "anonymous_pull_enabled": false,
            "data_endpoint_enabled": false,
            "encryption": [
              {
                "enabled": false,
                "identity_client_id": "",
                "key_vault_key_id": ""
              }
            ],
            "export_policy_enabled": true,
            "georeplications": [],
            "id": "/subscriptions/a75172c5-57f8-4f3f-908d-697e80efd68a/resourceGroups/rg-createdbyTF_Jose/providers/Microsoft.ContainerRegistry/registries/Joseflorescarmona",
            "identity": [],
            "location": "uksouth",
            "login_server": "joseflorescarmona.azurecr.io",
            "name": "Joseflorescarmona",
            "network_rule_bypass_option": "AzureServices",
            "network_rule_set": [],
            "public_network_access_enabled": true,
            "quarantine_policy_enabled": false,
            "resource_group_name": "rg-createdbyTF_Jose",
            "retention_policy": [
              {
                "days": 7,
                "enabled": false
              }
            ],
            "sku": "Basic",
            "tags": {},
            "timeouts": null,
            "trust_policy": [
              {
                "enabled": false
              }
            ],
            "zone_redundancy_enabled": false
          },
          "sensitive_attributes": [],
          "private": "eyJlMmJmYjczMC1lY2FhLTExZTYtOGY4OC0zNDM2M2JjN2M0YzAiOnsiY3JlYXRlIjoxODAwMDAwMDAwMDAwLCJkZWxldGUiOjE4MDAwMDAwMDAwMDAsInJlYWQiOjMwMDAwMDAwMDAwMCwidXBkYXRlIjoxODAwMDAwMDAwMDAwfSwic2NoZW1hX3ZlcnNpb24iOiIyIn0=",
          "dependencies": [
            "azurerm_resource_group.rg"
          ]
        }
      ]
    },
    {
      "mode": "managed",
      "type": "azurerm_linux_virtual_machine",
      "name": "vm",
      "provider": "provider[\"registry.terraform.io/hashicorp/azurerm\"]",
      "instances": [
        {
          "schema_version": 0,
          "attributes": {
            "additional_capabilities": [],
            "admin_password": "azurepassword55!",
            "admin_ssh_key": [
              {
                "public_key": "ssh-rsa AAAAB3NzaC1yc2EAAAADAQABAAABgQDIwUcymjwEWTY7C2J7vNeboelzcLPaoCFr7GHDQF0WSrzttMIfG4qNtiC4NeLT4sIANCJvrjyxmqgCriUDvS2vVrijrHST1WOCanRXLISf4bNoiNWkbR+/XcVQzYIZiDKQRIiCNcE6OBl3eaXCWcdsCzEPz6BHumDgyYNjqbCU+sHBTpsrQnCPetD198RNdjyIWNg7gunK+xylMhpKkQwYnj0FaMq+lQdOu4eUwgsuF2p/WeP3iRX3/ZB/c4H1cOdgUQ887Ftt+nHHXeokMOmvpWn2Xtr2mDs6CM6OlUm8Hh3mByXY/QcnAjWj59c92BZqR1tk8sWMh9xqMng1A4a3A/fEoASQ5rnlvprimHCKXXq6m3rtGAftehOVtx4MnJd4RriUT9IGkjeeO9cMt/28aET0ik2vf0Ok7YWBmxIQ4WsFp/dodRF3sGMhzzQE92zAQMYsazBrvla4ucTKkCnChJqNZMK0XtuLDtps00Yv8edkspG1pppBj7UFNKbY730= generated-by-azure",
                "username": "azureuser"
              }
            ],
            "admin_username": "azureuser",
            "allow_extension_operations": true,
            "availability_set_id": "",
            "boot_diagnostics": [],
            "computer_name": "vm1",
            "custom_data": null,
            "dedicated_host_group_id": "",
            "dedicated_host_id": "",
            "disable_password_authentication": false,
            "edge_zone": "",
            "encryption_at_host_enabled": false,
            "eviction_policy": "",
            "extensions_time_budget": "PT1H30M",
            "id": "/subscriptions/a75172c5-57f8-4f3f-908d-697e80efd68a/resourceGroups/rg-createdbyTF_Jose/providers/Microsoft.Compute/virtualMachines/vm1",
            "identity": [],
            "license_type": "",
            "location": "uksouth",
            "max_bid_price": -1,
            "name": "vm1",
            "network_interface_ids": [
              "/subscriptions/a75172c5-57f8-4f3f-908d-697e80efd68a/resourceGroups/rg-createdbyTF_Jose/providers/Microsoft.Network/networkInterfaces/vnic"
            ],
            "os_disk": [
              {
                "caching": "ReadWrite",
                "diff_disk_settings": [],
                "disk_encryption_set_id": "",
                "disk_size_gb": 30,
                "name": "vm1_OsDisk_1_93bff8a800954a96a3977b0d804c305f",
                "storage_account_type": "Standard_LRS",
                "write_accelerator_enabled": false
              }
            ],
            "patch_mode": "ImageDefault",
            "plan": [
              {
                "name": "centos-8-stream-free",
                "product": "centos-8-stream-free",
                "publisher": "cognosys"
              }
            ],
            "platform_fault_domain": -1,
            "priority": "Regular",
            "private_ip_address": "10.0.2.4",
            "private_ip_addresses": [
              "10.0.2.4"
            ],
            "provision_vm_agent": true,
            "proximity_placement_group_id": "",
            "public_ip_address": "20.68.230.154",
            "public_ip_addresses": [
              "20.68.230.154"
            ],
            "resource_group_name": "rg-createdbyTF_Jose",
            "secret": [],
            "secure_boot_enabled": false,
            "size": "Standard_F2",
            "source_image_id": "",
            "source_image_reference": [
              {
                "offer": "centos-8-stream-free",
                "publisher": "cognosys",
                "sku": "centos-8-stream-free",
                "version": "22.03.28"
              }
            ],
            "tags": {},
            "termination_notification": [],
            "timeouts": null,
            "user_data": "",
            "virtual_machine_id": "fa2f3296-8c33-418d-a249-7d6d317e2700",
            "virtual_machine_scale_set_id": "",
            "vtpm_enabled": false,
            "zone": ""
          },
          "sensitive_attributes": [],
          "private": "eyJlMmJmYjczMC1lY2FhLTExZTYtOGY4OC0zNDM2M2JjN2M0YzAiOnsiY3JlYXRlIjoyNzAwMDAwMDAwMDAwLCJkZWxldGUiOjI3MDAwMDAwMDAwMDAsInJlYWQiOjMwMDAwMDAwMDAwMCwidXBkYXRlIjoyNzAwMDAwMDAwMDAwfX0=",
          "dependencies": [
            "azurerm_network_interface.nic",
            "azurerm_public_ip.pip",
            "azurerm_resource_group.rg",
            "azurerm_subnet.subnet",
            "azurerm_virtual_network.vnet"
          ]
        }
      ]
    },
    {
      "mode": "managed",
      "type": "azurerm_network_interface",
      "name": "nic",
      "provider": "provider[\"registry.terraform.io/hashicorp/azurerm\"]",
      "instances": [
        {
          "schema_version": 0,
          "attributes": {
            "applied_dns_servers": [],
            "dns_servers": [],
            "edge_zone": "",
            "enable_accelerated_networking": false,
            "enable_ip_forwarding": false,
            "id": "/subscriptions/a75172c5-57f8-4f3f-908d-697e80efd68a/resourceGroups/rg-createdbyTF_Jose/providers/Microsoft.Network/networkInterfaces/vnic",
            "internal_dns_name_label": "",
            "internal_domain_name_suffix": "zmf52mi1vtau1j3y22t5grr3le.zx.internal.cloudapp.net",
            "ip_configuration": [
              {
                "gateway_load_balancer_frontend_ip_configuration_id": "",
                "name": "internal",
                "primary": true,
                "private_ip_address": "10.0.2.4",
                "private_ip_address_allocation": "Dynamic",
                "private_ip_address_version": "IPv4",
                "public_ip_address_id": "/subscriptions/a75172c5-57f8-4f3f-908d-697e80efd68a/resourceGroups/rg-createdbyTF_Jose/providers/Microsoft.Network/publicIPAddresses/VIP",
                "subnet_id": "/subscriptions/a75172c5-57f8-4f3f-908d-697e80efd68a/resourceGroups/rg-createdbyTF_Jose/providers/Microsoft.Network/virtualNetworks/vnet1/subnets/subnet1"
              }
            ],
            "location": "uksouth",
            "mac_address": "00-22-48-3E-EB-66",
            "name": "vnic",
            "private_ip_address": "10.0.2.4",
            "private_ip_addresses": [
              "10.0.2.4"
            ],
            "resource_group_name": "rg-createdbyTF_Jose",
            "tags": {},
            "timeouts": null,
            "virtual_machine_id": "/subscriptions/a75172c5-57f8-4f3f-908d-697e80efd68a/resourceGroups/rg-createdbyTF_Jose/providers/Microsoft.Compute/virtualMachines/vm1"
          },
          "sensitive_attributes": [],
          "private": "eyJlMmJmYjczMC1lY2FhLTExZTYtOGY4OC0zNDM2M2JjN2M0YzAiOnsiY3JlYXRlIjoxODAwMDAwMDAwMDAwLCJkZWxldGUiOjE4MDAwMDAwMDAwMDAsInJlYWQiOjMwMDAwMDAwMDAwMCwidXBkYXRlIjoxODAwMDAwMDAwMDAwfX0=",
          "dependencies": [
            "azurerm_public_ip.pip",
            "azurerm_resource_group.rg",
            "azurerm_subnet.subnet",
            "azurerm_virtual_network.vnet"
          ]
        }
      ]
    },
    {
      "mode": "managed",
      "type": "azurerm_network_security_group",
      "name": "NGS",
      "provider": "provider[\"registry.terraform.io/hashicorp/azurerm\"]",
      "instances": [
        {
          "schema_version": 0,
          "attributes": {
            "id": "/subscriptions/a75172c5-57f8-4f3f-908d-697e80efd68a/resourceGroups/rg-createdbyTF_Jose/providers/Microsoft.Network/networkSecurityGroups/NGS1",
            "location": "uksouth",
            "name": "NGS1",
            "resource_group_name": "rg-createdbyTF_Jose",
            "security_rule": [
              {
                "access": "Allow",
                "description": "",
                "destination_address_prefix": "*",
                "destination_address_prefixes": [],
                "destination_application_security_group_ids": [],
                "destination_port_range": "*",
                "destination_port_ranges": [],
                "direction": "Inbound",
                "name": "Rule80",
                "priority": 100,
                "protocol": "Tcp",
                "source_address_prefix": "*",
                "source_address_prefixes": [],
                "source_application_security_group_ids": [],
                "source_port_range": "*",
                "source_port_ranges": []
              }
            ],
            "tags": {},
            "timeouts": null
          },
          "sensitive_attributes": [],
          "private": "eyJlMmJmYjczMC1lY2FhLTExZTYtOGY4OC0zNDM2M2JjN2M0YzAiOnsiY3JlYXRlIjoxODAwMDAwMDAwMDAwLCJkZWxldGUiOjE4MDAwMDAwMDAwMDAsInJlYWQiOjMwMDAwMDAwMDAwMCwidXBkYXRlIjoxODAwMDAwMDAwMDAwfX0=",
          "dependencies": [
            "azurerm_resource_group.rg"
          ]
        }
      ]
    },
    {
      "mode": "managed",
      "type": "azurerm_public_ip",
      "name": "pip",
      "provider": "provider[\"registry.terraform.io/hashicorp/azurerm\"]",
      "instances": [
        {
          "schema_version": 0,
          "attributes": {
            "allocation_method": "Static",
            "domain_name_label": null,
            "edge_zone": "",
            "fqdn": null,
            "id": "/subscriptions/a75172c5-57f8-4f3f-908d-697e80efd68a/resourceGroups/rg-createdbyTF_Jose/providers/Microsoft.Network/publicIPAddresses/VIP",
            "idle_timeout_in_minutes": 4,
            "ip_address": "20.68.230.154",
            "ip_tags": {},
            "ip_version": "IPv4",
            "location": "uksouth",
            "name": "VIP",
            "public_ip_prefix_id": null,
            "resource_group_name": "rg-createdbyTF_Jose",
            "reverse_fqdn": null,
            "sku": "Standard",
            "sku_tier": "Regional",
            "tags": {},
            "timeouts": null,
            "zones": []
          },
          "sensitive_attributes": [],
          "private": "eyJlMmJmYjczMC1lY2FhLTExZTYtOGY4OC0zNDM2M2JjN2M0YzAiOnsiY3JlYXRlIjoxODAwMDAwMDAwMDAwLCJkZWxldGUiOjE4MDAwMDAwMDAwMDAsInJlYWQiOjMwMDAwMDAwMDAwMCwidXBkYXRlIjoxODAwMDAwMDAwMDAwfX0=",
          "dependencies": [
            "azurerm_resource_group.rg"
          ]
        }
      ]
    },
    {
      "mode": "managed",
      "type": "azurerm_resource_group",
      "name": "rg",
      "provider": "provider[\"registry.terraform.io/hashicorp/azurerm\"]",
      "instances": [
        {
          "schema_version": 0,
          "attributes": {
            "id": "/subscriptions/a75172c5-57f8-4f3f-908d-697e80efd68a/resourceGroups/rg-createdbyTF_Jose",
            "location": "uksouth",
            "name": "rg-createdbyTF_Jose",
            "tags": {},
            "timeouts": null
          },
          "sensitive_attributes": [],
          "private": "eyJlMmJmYjczMC1lY2FhLTExZTYtOGY4OC0zNDM2M2JjN2M0YzAiOnsiY3JlYXRlIjo1NDAwMDAwMDAwMDAwLCJkZWxldGUiOjU0MDAwMDAwMDAwMDAsInJlYWQiOjMwMDAwMDAwMDAwMCwidXBkYXRlIjo1NDAwMDAwMDAwMDAwfX0="
        }
      ]
    },
    {
      "mode": "managed",
      "type": "azurerm_subnet",
      "name": "subnet",
      "provider": "provider[\"registry.terraform.io/hashicorp/azurerm\"]",
      "instances": [
        {
          "schema_version": 0,
          "attributes": {
            "address_prefixes": [
              "10.0.2.0/24"
            ],
            "delegation": [],
            "enforce_private_link_endpoint_network_policies": false,
            "enforce_private_link_service_network_policies": false,
            "id": "/subscriptions/a75172c5-57f8-4f3f-908d-697e80efd68a/resourceGroups/rg-createdbyTF_Jose/providers/Microsoft.Network/virtualNetworks/vnet1/subnets/subnet1",
            "name": "subnet1",
            "resource_group_name": "rg-createdbyTF_Jose",
            "service_endpoint_policy_ids": [],
            "service_endpoints": [],
            "timeouts": null,
            "virtual_network_name": "vnet1"
          },
          "sensitive_attributes": [],
          "private": "eyJlMmJmYjczMC1lY2FhLTExZTYtOGY4OC0zNDM2M2JjN2M0YzAiOnsiY3JlYXRlIjoxODAwMDAwMDAwMDAwLCJkZWxldGUiOjE4MDAwMDAwMDAwMDAsInJlYWQiOjMwMDAwMDAwMDAwMCwidXBkYXRlIjoxODAwMDAwMDAwMDAwfX0=",
          "dependencies": [
            "azurerm_resource_group.rg",
            "azurerm_virtual_network.vnet"
          ]
        }
      ]
    },
    {
      "mode": "managed",
      "type": "azurerm_subnet_network_security_group_association",
      "name": "association1",
      "provider": "provider[\"registry.terraform.io/hashicorp/azurerm\"]",
      "instances": [
        {
          "schema_version": 0,
          "attributes": {
            "id": "/subscriptions/a75172c5-57f8-4f3f-908d-697e80efd68a/resourceGroups/rg-createdbyTF_Jose/providers/Microsoft.Network/virtualNetworks/vnet1/subnets/subnet1",
            "network_security_group_id": "/subscriptions/a75172c5-57f8-4f3f-908d-697e80efd68a/resourceGroups/rg-createdbyTF_Jose/providers/Microsoft.Network/networkSecurityGroups/NGS1",
            "subnet_id": "/subscriptions/a75172c5-57f8-4f3f-908d-697e80efd68a/resourceGroups/rg-createdbyTF_Jose/providers/Microsoft.Network/virtualNetworks/vnet1/subnets/subnet1",
            "timeouts": null
          },
          "sensitive_attributes": [],
          "private": "eyJlMmJmYjczMC1lY2FhLTExZTYtOGY4OC0zNDM2M2JjN2M0YzAiOnsiY3JlYXRlIjoxODAwMDAwMDAwMDAwLCJkZWxldGUiOjE4MDAwMDAwMDAwMDAsInJlYWQiOjMwMDAwMDAwMDAwMCwidXBkYXRlIjoxODAwMDAwMDAwMDAwfX0=",
          "dependencies": [
            "azurerm_network_security_group.NGS",
            "azurerm_resource_group.rg",
            "azurerm_subnet.subnet",
            "azurerm_virtual_network.vnet"
          ]
        }
      ]
    },
    {
      "mode": "managed",
      "type": "azurerm_virtual_network",
      "name": "vnet",
      "provider": "provider[\"registry.terraform.io/hashicorp/azurerm\"]",
      "instances": [
        {
          "schema_version": 0,
          "attributes": {
            "address_space": [
              "10.0.0.0/16"
            ],
            "bgp_community": "",
            "ddos_protection_plan": [],
            "dns_servers": [],
            "edge_zone": "",
            "flow_timeout_in_minutes": 0,
            "guid": "31fe0bcb-ac1b-4dc1-a7b8-e727f3463d5c",
            "id": "/subscriptions/a75172c5-57f8-4f3f-908d-697e80efd68a/resourceGroups/rg-createdbyTF_Jose/providers/Microsoft.Network/virtualNetworks/vnet1",
            "location": "uksouth",
            "name": "vnet1",
            "resource_group_name": "rg-createdbyTF_Jose",
            "subnet": [
              {
                "address_prefix": "10.0.2.0/24",
                "id": "/subscriptions/a75172c5-57f8-4f3f-908d-697e80efd68a/resourceGroups/rg-createdbyTF_Jose/providers/Microsoft.Network/virtualNetworks/vnet1/subnets/subnet1",
                "name": "subnet1",
                "security_group": "/subscriptions/a75172c5-57f8-4f3f-908d-697e80efd68a/resourceGroups/rg-createdbyTF_Jose/providers/Microsoft.Network/networkSecurityGroups/NGS1"
              }
            ],
            "tags": {},
            "timeouts": null
          },
          "sensitive_attributes": [],
          "private": "eyJlMmJmYjczMC1lY2FhLTExZTYtOGY4OC0zNDM2M2JjN2M0YzAiOnsiY3JlYXRlIjoxODAwMDAwMDAwMDAwLCJkZWxldGUiOjE4MDAwMDAwMDAwMDAsInJlYWQiOjMwMDAwMDAwMDAwMCwidXBkYXRlIjoxODAwMDAwMDAwMDAwfX0=",
          "dependencies": [
            "azurerm_resource_group.rg"
          ]
        }
      ]
    }
  ],
  "check_results": null
}
